
Microsoft Visual Studio Solution File, Format Version 12.00
# Visual Studio Version 16
VisualStudioVersion = 16.0.29609.76
MinimumVisualStudioVersion = 10.0.40219.1
Project("{888888A0-9F3D-457C-B088-3A5042F75D52}") = "digitos", "digitos\digitos.pyproj", "{2BB3D9C3-AFBD-4C80-B127-43C5CEEB2D2D}"
EndProject
Global
	GlobalSection(SolutionConfigurationPlatforms) = preSolution
		Debug|Any CPU = Debug|Any CPU
		Release|Any CPU = Release|Any CPU
	EndGlobalSection
	GlobalSection(ProjectConfigurationPlatforms) = postSolution
		{2BB3D9C3-AFBD-4C80-B127-43C5CEEB2D2D}.Debug|Any CPU.ActiveCfg = Debug|Any CPU
		{2BB3D9C3-AFBD-4C80-B127-43C5CEEB2D2D}.Release|Any CPU.ActiveCfg = Release|Any CPU
	EndGlobalSection
	GlobalSection(SolutionProperties) = preSolution
		HideSolutionNode = FALSE
	EndGlobalSection
	GlobalSection(ExtensibilityGlobals) = postSolution
		SolutionGuid = {4596E5FE-F382-462B-8C07-6CCA86C37753}
	EndGlobalSection
EndGlobal
