
Microsoft Visual Studio Solution File, Format Version 12.00
# Visual Studio Version 16
VisualStudioVersion = 16.0.29215.179
MinimumVisualStudioVersion = 10.0.40219.1
Project("{888888A0-9F3D-457C-B088-3A5042F75D52}") = "Redes", "Redes\Redes.pyproj", "{A3D2BB8F-FEE6-4223-82FA-5D3FCC774946}"
EndProject
Global
	GlobalSection(SolutionConfigurationPlatforms) = preSolution
		Debug|Any CPU = Debug|Any CPU
		Release|Any CPU = Release|Any CPU
	EndGlobalSection
	GlobalSection(ProjectConfigurationPlatforms) = postSolution
		{A3D2BB8F-FEE6-4223-82FA-5D3FCC774946}.Debug|Any CPU.ActiveCfg = Debug|Any CPU
		{A3D2BB8F-FEE6-4223-82FA-5D3FCC774946}.Release|Any CPU.ActiveCfg = Release|Any CPU
	EndGlobalSection
	GlobalSection(SolutionProperties) = preSolution
		HideSolutionNode = FALSE
	EndGlobalSection
	GlobalSection(ExtensibilityGlobals) = postSolution
		SolutionGuid = {392A378A-0579-4CE3-BD4B-B09B9505BCCD}
	EndGlobalSection
EndGlobal
